
Microsoft Visual Studio Solution File, Format Version 12.00
# Visual Studio Version 17
VisualStudioVersion = 17.1.32228.430
MinimumVisualStudioVersion = 10.0.40219.1
Project("{9A19103F-16F7-4668-BE54-9A1E7A4F7556}") = "nest-api", "nest-api\nest-api.csproj", "{52244FB1-8ABD-4E0A-A672-7827B8BE4F23}"
EndProject
Project("{9A19103F-16F7-4668-BE54-9A1E7A4F7556}") = "nsubstitute_1", "nsubstitute_1\nsubstitute_1.csproj", "{2EBB2DCF-A480-4ABD-8829-B8F6FEFB6046}"
EndProject
Project("{9A19103F-16F7-4668-BE54-9A1E7A4F7556}") = "nsubstitute_1-tests", "nsubstitute_1-tests\nsubstitute_1-tests.csproj", "{2A1B530A-7A02-4A7D-8D6A-01E7BDD03DA9}"
EndProject
Project("{9A19103F-16F7-4668-BE54-9A1E7A4F7556}") = "compare-objects", "compare-objects\compare-objects.csproj", "{9B56E2DE-EDEA-40E6-B548-2359FA424714}"
EndProject
Project("{9A19103F-16F7-4668-BE54-9A1E7A4F7556}") = "compare-objects-tests", "compare-objects-tests\compare-objects-tests.csproj", "{40601FF4-D6E3-413A-B0B2-B580B1562388}"
EndProject
Project("{9A19103F-16F7-4668-BE54-9A1E7A4F7556}") = "async-eliding-part-1", "async-eliding-part-1\async-eliding-part-1.csproj", "{7412094B-3F39-4E5B-AAEE-ADA512813263}"
EndProject
Project("{9A19103F-16F7-4668-BE54-9A1E7A4F7556}") = "async-eliding-part-1-tests", "async-eliding-part-1-tests\async-eliding-part-1-tests.csproj", "{59708250-DFDC-4D4A-9213-FF5B18D69E1E}"
EndProject
Project("{9A19103F-16F7-4668-BE54-9A1E7A4F7556}") = "async-eliding-part-1-benchmark", "async-eliding-part-1-benchmark\async-eliding-part-1-benchmark.csproj", "{00C7ADF9-83F7-433C-B5DA-0F0A2BF2DDEF}"
EndProject
Project("{9A19103F-16F7-4668-BE54-9A1E7A4F7556}") = "async-eliding-part-2", "async-eliding-part-2\async-eliding-part-2.csproj", "{3BD31AB0-2E01-4FE5-B946-DC4C2E165508}"
EndProject
Project("{9A19103F-16F7-4668-BE54-9A1E7A4F7556}") = "async-eliding-part-2-tests", "async-eliding-part-2-tests\async-eliding-part-2-tests.csproj", "{1C73CC05-53B0-49BC-A39C-04B8AE7C36CE}"
EndProject
Project("{9A19103F-16F7-4668-BE54-9A1E7A4F7556}") = "data-locality", "data-locality\data-locality.csproj", "{A3DE3443-44EF-48E2-9292-A66DBA684390}"
EndProject
Project("{9A19103F-16F7-4668-BE54-9A1E7A4F7556}") = "data-locality-benchmark", "data-locality-benchmark\data-locality-benchmark.csproj", "{7013E3C4-D031-4D98-959A-41032F7F99A7}"
EndProject
Project("{9A19103F-16F7-4668-BE54-9A1E7A4F7556}") = "data-locality-tests", "data-locality-tests\data-locality-tests.csproj", "{6AB07C45-27B2-463F-B1F9-323E4FB5BA09}"
EndProject
Project("{9A19103F-16F7-4668-BE54-9A1E7A4F7556}") = "LINQ-vs-PLINQ", "LINQ-vs-PLINQ\LINQ-vs-PLINQ.csproj", "{8E744CDC-8E34-4BB0-AFEE-9DF79419877D}"
EndProject
Project("{9A19103F-16F7-4668-BE54-9A1E7A4F7556}") = "LINQ-vs-PLINQ-benchmark", "LINQ-vs-PLINQ-benchmark\LINQ-vs-PLINQ-benchmark.csproj", "{CD82E1A5-35CC-4AAE-9260-9D002E8478D2}"
EndProject
Project("{9A19103F-16F7-4668-BE54-9A1E7A4F7556}") = "LINQ-vs-PLINQ-tests", "LINQ-vs-PLINQ-tests\LINQ-vs-PLINQ-tests.csproj", "{902C1574-99F3-48E2-95EE-D30ACF0788A9}"
EndProject
Project("{9A19103F-16F7-4668-BE54-9A1E7A4F7556}") = "Add-vs-AddRange", "Add-vs-AddRange\Add-vs-AddRange.csproj", "{53C2F97E-2061-4EA9-844A-8FD813438A95}"
EndProject
Project("{9A19103F-16F7-4668-BE54-9A1E7A4F7556}") = "Add-vs-AddRange-benchmark", "Add-vs-AddRange-benchmark\Add-vs-AddRange-benchmark.csproj", "{5C691AAC-07E4-4E58-B16A-46F963D2FC4E}"
EndProject
Project("{9A19103F-16F7-4668-BE54-9A1E7A4F7556}") = "Add-vs-AddRange-tests", "Add-vs-AddRange-tests\Add-vs-AddRange-tests.csproj", "{A92A4D52-9F21-4F63-AE5B-18ABD62B5591}"
EndProject
Project("{9A19103F-16F7-4668-BE54-9A1E7A4F7556}") = "for-vs-foreach", "for-vs-foreach\for-vs-foreach.csproj", "{1066D8FF-4BE3-49A2-A6CB-56D9328C267D}"
EndProject
Project("{9A19103F-16F7-4668-BE54-9A1E7A4F7556}") = "for-vs-foreach-benchmark", "for-vs-foreach-benchmark\for-vs-foreach-benchmark.csproj", "{00530A0E-29FB-497C-A944-B9893A4D1FCC}"
EndProject
Project("{9A19103F-16F7-4668-BE54-9A1E7A4F7556}") = "closure", "closure\closure.csproj", "{15ECDC7C-095D-48CC-9505-63BAE23D7055}"
EndProject
Project("{9A19103F-16F7-4668-BE54-9A1E7A4F7556}") = "closure-tests", "closure-tests\closure-tests.csproj", "{17468610-9303-4562-9AAC-B3196DB99AB4}"
EndProject
Project("{9A19103F-16F7-4668-BE54-9A1E7A4F7556}") = "branch-misprediction", "branch-misprediction\branch-misprediction.csproj", "{B42C5E85-165D-41CB-86AC-AA5B8AE3438F}"
EndProject
Project("{9A19103F-16F7-4668-BE54-9A1E7A4F7556}") = "branch-misprediction-benchmark", "branch-misprediction-benchmark\branch-misprediction-benchmark.csproj", "{4024A15B-0F64-4CB4-9BAE-E6DE80B2FAF0}"
EndProject
Project("{9A19103F-16F7-4668-BE54-9A1E7A4F7556}") = "false-sharing", "false-sharing\false-sharing.csproj", "{996B7E02-8FCD-41C8-8338-3D91EC09086A}"
EndProject
Project("{9A19103F-16F7-4668-BE54-9A1E7A4F7556}") = "false-sharing-benchmark", "false-sharing-benchmark\false-sharing-benchmark.csproj", "{792FA04E-E55C-464B-8967-16F4D02A571E}"
EndProject
Project("{FAE04EC0-301F-11D3-BF4B-00C04F79EFBC}") = "false-sharing-tests", "false-sharing-tests\false-sharing-tests.csproj", "{0A397207-BCF2-4251-AAA3-73B2FE516F22}"
EndProject
Global
	GlobalSection(SolutionConfigurationPlatforms) = preSolution
		Debug|Any CPU = Debug|Any CPU
		Release|Any CPU = Release|Any CPU
	EndGlobalSection
	GlobalSection(ProjectConfigurationPlatforms) = postSolution
		{52244FB1-8ABD-4E0A-A672-7827B8BE4F23}.Debug|Any CPU.ActiveCfg = Debug|Any CPU
		{52244FB1-8ABD-4E0A-A672-7827B8BE4F23}.Debug|Any CPU.Build.0 = Debug|Any CPU
		{52244FB1-8ABD-4E0A-A672-7827B8BE4F23}.Release|Any CPU.ActiveCfg = Release|Any CPU
		{52244FB1-8ABD-4E0A-A672-7827B8BE4F23}.Release|Any CPU.Build.0 = Release|Any CPU
		{2EBB2DCF-A480-4ABD-8829-B8F6FEFB6046}.Debug|Any CPU.ActiveCfg = Debug|Any CPU
		{2EBB2DCF-A480-4ABD-8829-B8F6FEFB6046}.Debug|Any CPU.Build.0 = Debug|Any CPU
		{2EBB2DCF-A480-4ABD-8829-B8F6FEFB6046}.Release|Any CPU.ActiveCfg = Release|Any CPU
		{2EBB2DCF-A480-4ABD-8829-B8F6FEFB6046}.Release|Any CPU.Build.0 = Release|Any CPU
		{2A1B530A-7A02-4A7D-8D6A-01E7BDD03DA9}.Debug|Any CPU.ActiveCfg = Debug|Any CPU
		{2A1B530A-7A02-4A7D-8D6A-01E7BDD03DA9}.Debug|Any CPU.Build.0 = Debug|Any CPU
		{2A1B530A-7A02-4A7D-8D6A-01E7BDD03DA9}.Release|Any CPU.ActiveCfg = Release|Any CPU
		{2A1B530A-7A02-4A7D-8D6A-01E7BDD03DA9}.Release|Any CPU.Build.0 = Release|Any CPU
		{9B56E2DE-EDEA-40E6-B548-2359FA424714}.Debug|Any CPU.ActiveCfg = Debug|Any CPU
		{9B56E2DE-EDEA-40E6-B548-2359FA424714}.Debug|Any CPU.Build.0 = Debug|Any CPU
		{9B56E2DE-EDEA-40E6-B548-2359FA424714}.Release|Any CPU.ActiveCfg = Release|Any CPU
		{9B56E2DE-EDEA-40E6-B548-2359FA424714}.Release|Any CPU.Build.0 = Release|Any CPU
		{40601FF4-D6E3-413A-B0B2-B580B1562388}.Debug|Any CPU.ActiveCfg = Debug|Any CPU
		{40601FF4-D6E3-413A-B0B2-B580B1562388}.Debug|Any CPU.Build.0 = Debug|Any CPU
		{40601FF4-D6E3-413A-B0B2-B580B1562388}.Release|Any CPU.ActiveCfg = Release|Any CPU
		{40601FF4-D6E3-413A-B0B2-B580B1562388}.Release|Any CPU.Build.0 = Release|Any CPU
		{7412094B-3F39-4E5B-AAEE-ADA512813263}.Debug|Any CPU.ActiveCfg = Debug|Any CPU
		{7412094B-3F39-4E5B-AAEE-ADA512813263}.Debug|Any CPU.Build.0 = Debug|Any CPU
		{7412094B-3F39-4E5B-AAEE-ADA512813263}.Release|Any CPU.ActiveCfg = Release|Any CPU
		{7412094B-3F39-4E5B-AAEE-ADA512813263}.Release|Any CPU.Build.0 = Release|Any CPU
		{59708250-DFDC-4D4A-9213-FF5B18D69E1E}.Debug|Any CPU.ActiveCfg = Debug|Any CPU
		{59708250-DFDC-4D4A-9213-FF5B18D69E1E}.Debug|Any CPU.Build.0 = Debug|Any CPU
		{59708250-DFDC-4D4A-9213-FF5B18D69E1E}.Release|Any CPU.ActiveCfg = Release|Any CPU
		{59708250-DFDC-4D4A-9213-FF5B18D69E1E}.Release|Any CPU.Build.0 = Release|Any CPU
		{00C7ADF9-83F7-433C-B5DA-0F0A2BF2DDEF}.Debug|Any CPU.ActiveCfg = Debug|Any CPU
		{00C7ADF9-83F7-433C-B5DA-0F0A2BF2DDEF}.Debug|Any CPU.Build.0 = Debug|Any CPU
		{00C7ADF9-83F7-433C-B5DA-0F0A2BF2DDEF}.Release|Any CPU.ActiveCfg = Release|Any CPU
		{00C7ADF9-83F7-433C-B5DA-0F0A2BF2DDEF}.Release|Any CPU.Build.0 = Release|Any CPU
		{3BD31AB0-2E01-4FE5-B946-DC4C2E165508}.Debug|Any CPU.ActiveCfg = Debug|Any CPU
		{3BD31AB0-2E01-4FE5-B946-DC4C2E165508}.Debug|Any CPU.Build.0 = Debug|Any CPU
		{3BD31AB0-2E01-4FE5-B946-DC4C2E165508}.Release|Any CPU.ActiveCfg = Release|Any CPU
		{3BD31AB0-2E01-4FE5-B946-DC4C2E165508}.Release|Any CPU.Build.0 = Release|Any CPU
		{1C73CC05-53B0-49BC-A39C-04B8AE7C36CE}.Debug|Any CPU.ActiveCfg = Debug|Any CPU
		{1C73CC05-53B0-49BC-A39C-04B8AE7C36CE}.Debug|Any CPU.Build.0 = Debug|Any CPU
		{1C73CC05-53B0-49BC-A39C-04B8AE7C36CE}.Release|Any CPU.ActiveCfg = Release|Any CPU
		{1C73CC05-53B0-49BC-A39C-04B8AE7C36CE}.Release|Any CPU.Build.0 = Release|Any CPU
		{A3DE3443-44EF-48E2-9292-A66DBA684390}.Debug|Any CPU.ActiveCfg = Debug|Any CPU
		{A3DE3443-44EF-48E2-9292-A66DBA684390}.Debug|Any CPU.Build.0 = Debug|Any CPU
		{A3DE3443-44EF-48E2-9292-A66DBA684390}.Release|Any CPU.ActiveCfg = Release|Any CPU
		{A3DE3443-44EF-48E2-9292-A66DBA684390}.Release|Any CPU.Build.0 = Release|Any CPU
		{7013E3C4-D031-4D98-959A-41032F7F99A7}.Debug|Any CPU.ActiveCfg = Debug|Any CPU
		{7013E3C4-D031-4D98-959A-41032F7F99A7}.Debug|Any CPU.Build.0 = Debug|Any CPU
		{7013E3C4-D031-4D98-959A-41032F7F99A7}.Release|Any CPU.ActiveCfg = Release|Any CPU
		{7013E3C4-D031-4D98-959A-41032F7F99A7}.Release|Any CPU.Build.0 = Release|Any CPU
		{6AB07C45-27B2-463F-B1F9-323E4FB5BA09}.Debug|Any CPU.ActiveCfg = Debug|Any CPU
		{6AB07C45-27B2-463F-B1F9-323E4FB5BA09}.Debug|Any CPU.Build.0 = Debug|Any CPU
		{6AB07C45-27B2-463F-B1F9-323E4FB5BA09}.Release|Any CPU.ActiveCfg = Release|Any CPU
		{6AB07C45-27B2-463F-B1F9-323E4FB5BA09}.Release|Any CPU.Build.0 = Release|Any CPU
		{8E744CDC-8E34-4BB0-AFEE-9DF79419877D}.Debug|Any CPU.ActiveCfg = Debug|Any CPU
		{8E744CDC-8E34-4BB0-AFEE-9DF79419877D}.Debug|Any CPU.Build.0 = Debug|Any CPU
		{8E744CDC-8E34-4BB0-AFEE-9DF79419877D}.Release|Any CPU.ActiveCfg = Release|Any CPU
		{8E744CDC-8E34-4BB0-AFEE-9DF79419877D}.Release|Any CPU.Build.0 = Release|Any CPU
		{CD82E1A5-35CC-4AAE-9260-9D002E8478D2}.Debug|Any CPU.ActiveCfg = Debug|Any CPU
		{CD82E1A5-35CC-4AAE-9260-9D002E8478D2}.Debug|Any CPU.Build.0 = Debug|Any CPU
		{CD82E1A5-35CC-4AAE-9260-9D002E8478D2}.Release|Any CPU.ActiveCfg = Release|Any CPU
		{CD82E1A5-35CC-4AAE-9260-9D002E8478D2}.Release|Any CPU.Build.0 = Release|Any CPU
		{902C1574-99F3-48E2-95EE-D30ACF0788A9}.Debug|Any CPU.ActiveCfg = Debug|Any CPU
		{902C1574-99F3-48E2-95EE-D30ACF0788A9}.Debug|Any CPU.Build.0 = Debug|Any CPU
		{902C1574-99F3-48E2-95EE-D30ACF0788A9}.Release|Any CPU.ActiveCfg = Release|Any CPU
		{902C1574-99F3-48E2-95EE-D30ACF0788A9}.Release|Any CPU.Build.0 = Release|Any CPU
		{53C2F97E-2061-4EA9-844A-8FD813438A95}.Debug|Any CPU.ActiveCfg = Debug|Any CPU
		{53C2F97E-2061-4EA9-844A-8FD813438A95}.Debug|Any CPU.Build.0 = Debug|Any CPU
		{53C2F97E-2061-4EA9-844A-8FD813438A95}.Release|Any CPU.ActiveCfg = Release|Any CPU
		{53C2F97E-2061-4EA9-844A-8FD813438A95}.Release|Any CPU.Build.0 = Release|Any CPU
		{5C691AAC-07E4-4E58-B16A-46F963D2FC4E}.Debug|Any CPU.ActiveCfg = Debug|Any CPU
		{5C691AAC-07E4-4E58-B16A-46F963D2FC4E}.Debug|Any CPU.Build.0 = Debug|Any CPU
		{5C691AAC-07E4-4E58-B16A-46F963D2FC4E}.Release|Any CPU.ActiveCfg = Release|Any CPU
		{5C691AAC-07E4-4E58-B16A-46F963D2FC4E}.Release|Any CPU.Build.0 = Release|Any CPU
		{A92A4D52-9F21-4F63-AE5B-18ABD62B5591}.Debug|Any CPU.ActiveCfg = Debug|Any CPU
		{A92A4D52-9F21-4F63-AE5B-18ABD62B5591}.Debug|Any CPU.Build.0 = Debug|Any CPU
		{A92A4D52-9F21-4F63-AE5B-18ABD62B5591}.Release|Any CPU.ActiveCfg = Release|Any CPU
		{A92A4D52-9F21-4F63-AE5B-18ABD62B5591}.Release|Any CPU.Build.0 = Release|Any CPU
		{1066D8FF-4BE3-49A2-A6CB-56D9328C267D}.Debug|Any CPU.ActiveCfg = Debug|Any CPU
		{1066D8FF-4BE3-49A2-A6CB-56D9328C267D}.Debug|Any CPU.Build.0 = Debug|Any CPU
		{1066D8FF-4BE3-49A2-A6CB-56D9328C267D}.Release|Any CPU.ActiveCfg = Release|Any CPU
		{1066D8FF-4BE3-49A2-A6CB-56D9328C267D}.Release|Any CPU.Build.0 = Release|Any CPU
		{00530A0E-29FB-497C-A944-B9893A4D1FCC}.Debug|Any CPU.ActiveCfg = Debug|Any CPU
		{00530A0E-29FB-497C-A944-B9893A4D1FCC}.Debug|Any CPU.Build.0 = Debug|Any CPU
		{00530A0E-29FB-497C-A944-B9893A4D1FCC}.Release|Any CPU.ActiveCfg = Release|Any CPU
		{00530A0E-29FB-497C-A944-B9893A4D1FCC}.Release|Any CPU.Build.0 = Release|Any CPU
		{15ECDC7C-095D-48CC-9505-63BAE23D7055}.Debug|Any CPU.ActiveCfg = Debug|Any CPU
		{15ECDC7C-095D-48CC-9505-63BAE23D7055}.Debug|Any CPU.Build.0 = Debug|Any CPU
		{15ECDC7C-095D-48CC-9505-63BAE23D7055}.Release|Any CPU.ActiveCfg = Release|Any CPU
		{15ECDC7C-095D-48CC-9505-63BAE23D7055}.Release|Any CPU.Build.0 = Release|Any CPU
		{17468610-9303-4562-9AAC-B3196DB99AB4}.Debug|Any CPU.ActiveCfg = Debug|Any CPU
		{17468610-9303-4562-9AAC-B3196DB99AB4}.Debug|Any CPU.Build.0 = Debug|Any CPU
		{17468610-9303-4562-9AAC-B3196DB99AB4}.Release|Any CPU.ActiveCfg = Release|Any CPU
		{17468610-9303-4562-9AAC-B3196DB99AB4}.Release|Any CPU.Build.0 = Release|Any CPU
		{B42C5E85-165D-41CB-86AC-AA5B8AE3438F}.Debug|Any CPU.ActiveCfg = Debug|Any CPU
		{B42C5E85-165D-41CB-86AC-AA5B8AE3438F}.Debug|Any CPU.Build.0 = Debug|Any CPU
		{B42C5E85-165D-41CB-86AC-AA5B8AE3438F}.Release|Any CPU.ActiveCfg = Release|Any CPU
		{B42C5E85-165D-41CB-86AC-AA5B8AE3438F}.Release|Any CPU.Build.0 = Release|Any CPU
		{4024A15B-0F64-4CB4-9BAE-E6DE80B2FAF0}.Debug|Any CPU.ActiveCfg = Debug|Any CPU
		{4024A15B-0F64-4CB4-9BAE-E6DE80B2FAF0}.Debug|Any CPU.Build.0 = Debug|Any CPU
		{4024A15B-0F64-4CB4-9BAE-E6DE80B2FAF0}.Release|Any CPU.ActiveCfg = Release|Any CPU
		{4024A15B-0F64-4CB4-9BAE-E6DE80B2FAF0}.Release|Any CPU.Build.0 = Release|Any CPU
		{996B7E02-8FCD-41C8-8338-3D91EC09086A}.Debug|Any CPU.ActiveCfg = Debug|Any CPU
		{996B7E02-8FCD-41C8-8338-3D91EC09086A}.Debug|Any CPU.Build.0 = Debug|Any CPU
		{996B7E02-8FCD-41C8-8338-3D91EC09086A}.Release|Any CPU.ActiveCfg = Release|Any CPU
		{996B7E02-8FCD-41C8-8338-3D91EC09086A}.Release|Any CPU.Build.0 = Release|Any CPU
		{792FA04E-E55C-464B-8967-16F4D02A571E}.Debug|Any CPU.ActiveCfg = Debug|Any CPU
		{792FA04E-E55C-464B-8967-16F4D02A571E}.Debug|Any CPU.Build.0 = Debug|Any CPU
		{792FA04E-E55C-464B-8967-16F4D02A571E}.Release|Any CPU.ActiveCfg = Release|Any CPU
		{792FA04E-E55C-464B-8967-16F4D02A571E}.Release|Any CPU.Build.0 = Release|Any CPU
		{0A397207-BCF2-4251-AAA3-73B2FE516F22}.Debug|Any CPU.ActiveCfg = Debug|Any CPU
		{0A397207-BCF2-4251-AAA3-73B2FE516F22}.Debug|Any CPU.Build.0 = Debug|Any CPU
		{0A397207-BCF2-4251-AAA3-73B2FE516F22}.Release|Any CPU.ActiveCfg = Release|Any CPU
		{0A397207-BCF2-4251-AAA3-73B2FE516F22}.Release|Any CPU.Build.0 = Release|Any CPU
	EndGlobalSection
	GlobalSection(SolutionProperties) = preSolution
		HideSolutionNode = FALSE
	EndGlobalSection
	GlobalSection(ExtensibilityGlobals) = postSolution
		SolutionGuid = {C145C620-2A0C-4087-B4B5-DDA236CB65BE}
	EndGlobalSection
EndGlobal
