
Microsoft Visual Studio Solution File, Format Version 12.00
# Visual Studio Version 16
VisualStudioVersion = 16.0.31410.357
MinimumVisualStudioVersion = 10.0.40219.1
Project("{9A19103F-16F7-4668-BE54-9A1E7A4F7556}") = "nest-api", "nest-api\nest-api.csproj", "{52244FB1-8ABD-4E0A-A672-7827B8BE4F23}"
EndProject
Project("{9A19103F-16F7-4668-BE54-9A1E7A4F7556}") = "nsubstitute_1", "nsubstitute_1\nsubstitute_1.csproj", "{2EBB2DCF-A480-4ABD-8829-B8F6FEFB6046}"
EndProject
Project("{9A19103F-16F7-4668-BE54-9A1E7A4F7556}") = "nsubstitute_1-tests", "nsubstitute_1-tests\nsubstitute_1-tests.csproj", "{2A1B530A-7A02-4A7D-8D6A-01E7BDD03DA9}"
EndProject
Project("{9A19103F-16F7-4668-BE54-9A1E7A4F7556}") = "compare-objects", "compare-objects\compare-objects.csproj", "{9B56E2DE-EDEA-40E6-B548-2359FA424714}"
EndProject
Project("{9A19103F-16F7-4668-BE54-9A1E7A4F7556}") = "compare-objects-tests", "compare-objects-tests\compare-objects-tests.csproj", "{40601FF4-D6E3-413A-B0B2-B580B1562388}"
EndProject
Project("{FAE04EC0-301F-11D3-BF4B-00C04F79EFBC}") = "async-eliding-part-1", "async-eliding-part-1\async-eliding-part-1.csproj", "{7412094B-3F39-4E5B-AAEE-ADA512813263}"
EndProject
Project("{FAE04EC0-301F-11D3-BF4B-00C04F79EFBC}") = "async-eliding-part-1-tests", "async-eliding-part-1-tests\async-eliding-part-1-tests.csproj", "{59708250-DFDC-4D4A-9213-FF5B18D69E1E}"
EndProject
Project("{FAE04EC0-301F-11D3-BF4B-00C04F79EFBC}") = "async-eliding-part-1-benchmark", "async-eliding-part-1-benchmark\async-eliding-part-1-benchmark.csproj", "{00C7ADF9-83F7-433C-B5DA-0F0A2BF2DDEF}"
EndProject
Global
	GlobalSection(SolutionConfigurationPlatforms) = preSolution
		Debug|Any CPU = Debug|Any CPU
		Release|Any CPU = Release|Any CPU
	EndGlobalSection
	GlobalSection(ProjectConfigurationPlatforms) = postSolution
		{52244FB1-8ABD-4E0A-A672-7827B8BE4F23}.Debug|Any CPU.ActiveCfg = Debug|Any CPU
		{52244FB1-8ABD-4E0A-A672-7827B8BE4F23}.Debug|Any CPU.Build.0 = Debug|Any CPU
		{52244FB1-8ABD-4E0A-A672-7827B8BE4F23}.Release|Any CPU.ActiveCfg = Release|Any CPU
		{52244FB1-8ABD-4E0A-A672-7827B8BE4F23}.Release|Any CPU.Build.0 = Release|Any CPU
		{2EBB2DCF-A480-4ABD-8829-B8F6FEFB6046}.Debug|Any CPU.ActiveCfg = Debug|Any CPU
		{2EBB2DCF-A480-4ABD-8829-B8F6FEFB6046}.Debug|Any CPU.Build.0 = Debug|Any CPU
		{2EBB2DCF-A480-4ABD-8829-B8F6FEFB6046}.Release|Any CPU.ActiveCfg = Release|Any CPU
		{2EBB2DCF-A480-4ABD-8829-B8F6FEFB6046}.Release|Any CPU.Build.0 = Release|Any CPU
		{2A1B530A-7A02-4A7D-8D6A-01E7BDD03DA9}.Debug|Any CPU.ActiveCfg = Debug|Any CPU
		{2A1B530A-7A02-4A7D-8D6A-01E7BDD03DA9}.Debug|Any CPU.Build.0 = Debug|Any CPU
		{2A1B530A-7A02-4A7D-8D6A-01E7BDD03DA9}.Release|Any CPU.ActiveCfg = Release|Any CPU
		{2A1B530A-7A02-4A7D-8D6A-01E7BDD03DA9}.Release|Any CPU.Build.0 = Release|Any CPU
		{9B56E2DE-EDEA-40E6-B548-2359FA424714}.Debug|Any CPU.ActiveCfg = Debug|Any CPU
		{9B56E2DE-EDEA-40E6-B548-2359FA424714}.Debug|Any CPU.Build.0 = Debug|Any CPU
		{9B56E2DE-EDEA-40E6-B548-2359FA424714}.Release|Any CPU.ActiveCfg = Release|Any CPU
		{9B56E2DE-EDEA-40E6-B548-2359FA424714}.Release|Any CPU.Build.0 = Release|Any CPU
		{40601FF4-D6E3-413A-B0B2-B580B1562388}.Debug|Any CPU.ActiveCfg = Debug|Any CPU
		{40601FF4-D6E3-413A-B0B2-B580B1562388}.Debug|Any CPU.Build.0 = Debug|Any CPU
		{40601FF4-D6E3-413A-B0B2-B580B1562388}.Release|Any CPU.ActiveCfg = Release|Any CPU
		{40601FF4-D6E3-413A-B0B2-B580B1562388}.Release|Any CPU.Build.0 = Release|Any CPU
		{7412094B-3F39-4E5B-AAEE-ADA512813263}.Debug|Any CPU.ActiveCfg = Debug|Any CPU
		{7412094B-3F39-4E5B-AAEE-ADA512813263}.Debug|Any CPU.Build.0 = Debug|Any CPU
		{7412094B-3F39-4E5B-AAEE-ADA512813263}.Release|Any CPU.ActiveCfg = Release|Any CPU
		{7412094B-3F39-4E5B-AAEE-ADA512813263}.Release|Any CPU.Build.0 = Release|Any CPU
		{59708250-DFDC-4D4A-9213-FF5B18D69E1E}.Debug|Any CPU.ActiveCfg = Debug|Any CPU
		{59708250-DFDC-4D4A-9213-FF5B18D69E1E}.Debug|Any CPU.Build.0 = Debug|Any CPU
		{59708250-DFDC-4D4A-9213-FF5B18D69E1E}.Release|Any CPU.ActiveCfg = Release|Any CPU
		{59708250-DFDC-4D4A-9213-FF5B18D69E1E}.Release|Any CPU.Build.0 = Release|Any CPU
		{00C7ADF9-83F7-433C-B5DA-0F0A2BF2DDEF}.Debug|Any CPU.ActiveCfg = Debug|Any CPU
		{00C7ADF9-83F7-433C-B5DA-0F0A2BF2DDEF}.Debug|Any CPU.Build.0 = Debug|Any CPU
		{00C7ADF9-83F7-433C-B5DA-0F0A2BF2DDEF}.Release|Any CPU.ActiveCfg = Release|Any CPU
		{00C7ADF9-83F7-433C-B5DA-0F0A2BF2DDEF}.Release|Any CPU.Build.0 = Release|Any CPU
	EndGlobalSection
	GlobalSection(SolutionProperties) = preSolution
		HideSolutionNode = FALSE
	EndGlobalSection
	GlobalSection(ExtensibilityGlobals) = postSolution
		SolutionGuid = {C145C620-2A0C-4087-B4B5-DDA236CB65BE}
	EndGlobalSection
EndGlobal
